
Microsoft Visual Studio Solution File, Format Version 12.00
# Visual Studio Version 16
VisualStudioVersion = 16.0.32126.315
MinimumVisualStudioVersion = 10.0.40219.1
Project("{FAE04EC0-301F-11D3-BF4B-00C04F79EFBC}") = "RefOut-Task1", "RefOut-Task1\RefOut-Task1.csproj", "{8DE4D242-55A1-4344-AC24-ED221999352B}"
EndProject
Global
	GlobalSection(SolutionConfigurationPlatforms) = preSolution
		Debug|Any CPU = Debug|Any CPU
		Release|Any CPU = Release|Any CPU
	EndGlobalSection
	GlobalSection(ProjectConfigurationPlatforms) = postSolution
		{8DE4D242-55A1-4344-AC24-ED221999352B}.Debug|Any CPU.ActiveCfg = Debug|Any CPU
		{8DE4D242-55A1-4344-AC24-ED221999352B}.Debug|Any CPU.Build.0 = Debug|Any CPU
		{8DE4D242-55A1-4344-AC24-ED221999352B}.Release|Any CPU.ActiveCfg = Release|Any CPU
		{8DE4D242-55A1-4344-AC24-ED221999352B}.Release|Any CPU.Build.0 = Release|Any CPU
	EndGlobalSection
	GlobalSection(SolutionProperties) = preSolution
		HideSolutionNode = FALSE
	EndGlobalSection
	GlobalSection(ExtensibilityGlobals) = postSolution
		SolutionGuid = {08C02005-6956-47B2-A6DE-A734231212D2}
	EndGlobalSection
EndGlobal
